PODS:
  - FlexLayout (2.0.9)
  - PinLayout (1.10.5)

DEPENDENCIES:
  - FlexLayout
  - PinLayout

SPEC REPOS:
  trunk:
    - FlexLayout
    - PinLayout

SPEC CHECKSUMS:
  FlexLayout: 6904d99efeb7279cb218d10f40a71c4690445ada
  PinLayout: f6c2b63a5a5b24864064e1d15c67de41b4e74748

PODFILE CHECKSUM: 02e2c9294d294744fc021a57ddb463c3546eca24

COCOAPODS: 1.15.2
